
Microsoft Visual Studio Solution File, Format Version 12.00
# Visual Studio 2013
VisualStudioVersion = 12.0.40629.0
MinimumVisualStudioVersion = 10.0.40219.1
Project("{FAE04EC0-301F-11D3-BF4B-00C04F79EFBC}") = "OneAzureStorageFS", "StorageEmu\OneAzureStorageFS.csproj", "{39803469-D076-48A0-BA36-F4F1DC067B05}"
EndProject
Project("{FAE04EC0-301F-11D3-BF4B-00C04F79EFBC}") = "OneAzureStorageFSService", "OneAzureStorageFSService\OneAzureStorageFSService.csproj", "{93BAAAAC-C402-409C-89C5-2CCB5AD5EFAB}"
EndProject
Global
	GlobalSection(TeamFoundationVersionControl) = preSolution
		SccNumberOfProjects = 3
		SccEnterpriseProvider = {4CA58AB2-18FA-4F8D-95D4-32DDF27D184C}
		SccTeamFoundationServer = https://one.visualstudio.com/defaultcollection
		SccLocalPath0 = .
		SccProjectUniqueName1 = OneAzureStorageFSService\\OneAzureStorageFSService.csproj
		SccProjectName1 = OneAzureStorageFSService
		SccLocalPath1 = OneAzureStorageFSService
		SccProjectUniqueName2 = StorageEmu\\OneAzureStorageFS.csproj
		SccProjectName2 = StorageEmu
		SccLocalPath2 = StorageEmu
	EndGlobalSection
	GlobalSection(SolutionConfigurationPlatforms) = preSolution
		Debug|Any CPU = Debug|Any CPU
		Release|Any CPU = Release|Any CPU
	EndGlobalSection
	GlobalSection(ProjectConfigurationPlatforms) = postSolution
		{39803469-D076-48A0-BA36-F4F1DC067B05}.Debug|Any CPU.ActiveCfg = Debug|Any CPU
		{39803469-D076-48A0-BA36-F4F1DC067B05}.Debug|Any CPU.Build.0 = Debug|Any CPU
		{39803469-D076-48A0-BA36-F4F1DC067B05}.Release|Any CPU.ActiveCfg = Release|Any CPU
		{39803469-D076-48A0-BA36-F4F1DC067B05}.Release|Any CPU.Build.0 = Release|Any CPU
		{93BAAAAC-C402-409C-89C5-2CCB5AD5EFAB}.Debug|Any CPU.ActiveCfg = Debug|Any CPU
		{93BAAAAC-C402-409C-89C5-2CCB5AD5EFAB}.Debug|Any CPU.Build.0 = Debug|Any CPU
		{93BAAAAC-C402-409C-89C5-2CCB5AD5EFAB}.Release|Any CPU.ActiveCfg = Release|Any CPU
		{93BAAAAC-C402-409C-89C5-2CCB5AD5EFAB}.Release|Any CPU.Build.0 = Release|Any CPU
	EndGlobalSection
	GlobalSection(SolutionProperties) = preSolution
		HideSolutionNode = FALSE
	EndGlobalSection
EndGlobal
